
Microsoft Visual Studio Solution File, Format Version 12.00
# Visual Studio 15
VisualStudioVersion = 15.0.26730.16
MinimumVisualStudioVersion = 10.0.40219.1
Project("{FAE04EC0-301F-11D3-BF4B-00C04F79EFBC}") = "Budget", "Budget\Budget.csproj", "{F74BA88D-8E37-43B2-8B47-2F9320DD8366}"
EndProject
Global
	GlobalSection(SolutionConfigurationPlatforms) = preSolution
		Debug|Any CPU = Debug|Any CPU
		Release|Any CPU = Release|Any CPU
	EndGlobalSection
	GlobalSection(ProjectConfigurationPlatforms) = postSolution
		{F74BA88D-8E37-43B2-8B47-2F9320DD8366}.Debug|Any CPU.ActiveCfg = Debug|Any CPU
		{F74BA88D-8E37-43B2-8B47-2F9320DD8366}.Debug|Any CPU.Build.0 = Debug|Any CPU
		{F74BA88D-8E37-43B2-8B47-2F9320DD8366}.Release|Any CPU.ActiveCfg = Release|Any CPU
		{F74BA88D-8E37-43B2-8B47-2F9320DD8366}.Release|Any CPU.Build.0 = Release|Any CPU
	EndGlobalSection
	GlobalSection(SolutionProperties) = preSolution
		HideSolutionNode = FALSE
	EndGlobalSection
	GlobalSection(ExtensibilityGlobals) = postSolution
		SolutionGuid = {A2B6D730-462F-48A9-BBA7-512AF74624FC}
	EndGlobalSection
EndGlobal
